schema: '2.0'
stages:
  train:
    cmd: python src/train.py
    deps:
    - path: data/raw
      hash: md5
      md5: d26dfafe40514b1e9a2fddc4f21a009a.dir
      size: 125204
      nfiles: 1
    - path: params.yaml
      hash: md5
      md5: 013f4c432c8853f6ce13232a258accd4
      size: 98
    - path: src/train.py
      hash: md5
      md5: 64a2da2030f9501f8cb8674501d0281f
      size: 2489
    outs:
    - path: metrics.json
      hash: md5
      md5: 04bfb52610cb1880085dbed9c7155efc
      size: 99
    - path: models/mlflow_model
      hash: md5
      md5: 8a98356c15ad4ae0eb5062f0b399d780.dir
      size: 2051
      nfiles: 5
    - path: models/model.pkl
      hash: md5
      md5: 526f759feaaa03953e5e47c000af2672
      size: 1236
